// !$*UTF8*$!
{
	archiveVersion = 1;
	classes = {
	};
	objectVersion = 46;
	objects = {

/* Begin PBXBuildFile section */
		FD154D20192391B300D4E2BA /* Foundation.framework in Frameworks */ = {isa = PBXBuildFile; fileRef = FD154D1F192391B300D4E2BA /* Foundation.framework */; };
		FD154D22192391B300D4E2BA /* CoreGraphics.framework in Frameworks */ = {isa = PBXBuildFile; fileRef = FD154D21192391B300D4E2BA /* CoreGraphics.framework */; };
		FD154D24192391B300D4E2BA /* UIKit.framework in Frameworks */ = {isa = PBXBuildFile; fileRef = FD154D23192391B300D4E2BA /* UIKit.framework */; };
		FD154D2A192391B300D4E2BA /* InfoPlist.strings in Resources */ = {isa = PBXBuildFile; fileRef = FD154D28192391B300D4E2BA /* InfoPlist.strings */; };
		FD154D2C192391B300D4E2BA /* main.m in Sources */ = {isa = PBXBuildFile; fileRef = FD154D2B192391B300D4E2BA /* main.m */; };
		FD154D30192391B300D4E2BA /* SMAppDelegate.m in Sources */ = {isa = PBXBuildFile; fileRef = FD154D2F192391B300D4E2BA /* SMAppDelegate.m */; };
		FD154D32192391B300D4E2BA /* Images.xcassets in Resources */ = {isa = PBXBuildFile; fileRef = FD154D31192391B300D4E2BA /* Images.xcassets */; };
		FD154D39192391B300D4E2BA /* XCTest.framework in Frameworks */ = {isa = PBXBuildFile; fileRef = FD154D38192391B300D4E2BA /* XCTest.framework */; };
		FD154D3A192391B300D4E2BA /* Foundation.framework in Frameworks */ = {isa = PBXBuildFile; fileRef = FD154D1F192391B300D4E2BA /* Foundation.framework */; };
		FD154D3B192391B300D4E2BA /* UIKit.framework in Frameworks */ = {isa = PBXBuildFile; fileRef = FD154D23192391B300D4E2BA /* UIKit.framework */; };
		FD154D43192391B300D4E2BA /* InfoPlist.strings in Resources */ = {isa = PBXBuildFile; fileRef = FD154D41192391B300D4E2BA /* InfoPlist.strings */; };
		FD154D45192391B300D4E2BA /* StichMessagesTests.m in Sources */ = {isa = PBXBuildFile; fileRef = FD154D44192391B300D4E2BA /* StichMessagesTests.m */; };
/* End PBXBuildFile section */

/* Begin PBXContainerItemProxy section */
		FD154D3C192391B300D4E2BA /* PBXContainerItemProxy */ = {
			isa = PBXContainerItemProxy;
			containerPortal = FD154D14192391B300D4E2BA /* Project object */;
			proxyType = 1;
			remoteGlobalIDString = FD154D1B192391B300D4E2BA;
			remoteInfo = StichMessages;
		};
/* End PBXContainerItemProxy section */

/* Begin PBXFileReference section */
		FD154D1C192391B300D4E2BA /* StichMessages.app */ = {isa = PBXFileReference; explicitFileType = wrapper.application; includeInIndex = 0; path = StichMessages.app; sourceTree = BUILT_PRODUCTS_DIR; };
		FD154D1F192391B300D4E2BA /* Foundation.framework */ = {isa = PBXFileReference; lastKnownFileType = wrapper.framework; name = Foundation.framework; path = System/Library/Frameworks/Foundation.framework; sourceTree = SDKROOT; };
		FD154D21192391B300D4E2BA /* CoreGraphics.framework */ = {isa = PBXFileReference; lastKnownFileType = wrapper.framework; name = CoreGraphics.framework; path = System/Library/Frameworks/CoreGraphics.framework; sourceTree = SDKROOT; };
		FD154D23192391B300D4E2BA /* UIKit.framework */ = {isa = PBXFileReference; lastKnownFileType = wrapper.framework; name = UIKit.framework; path = System/Library/Frameworks/UIKit.framework; sourceTree = SDKROOT; };
		FD154D27192391B300D4E2BA /* StichMessages-Info.plist */ = {isa = PBXFileReference; lastKnownFileType = text.plist.xml; path = "StichMessages-Info.plist"; sourceTree = "<group>"; };
		FD154D29192391B300D4E2BA /* en */ = {isa = PBXFileReference; lastKnownFileType = text.plist.strings; name = en; path = en.lproj/InfoPlist.strings; sourceTree = "<group>"; };
		FD154D2B192391B300D4E2BA /* main.m */ = {isa = PBXFileReference; lastKnownFileType = sourcecode.c.objc; path = main.m; sourceTree = "<group>"; };
		FD154D2D192391B300D4E2BA /* StichMessages-Prefix.pch */ = {isa = PBXFileReference; lastKnownFileType = sourcecode.c.h; path = "StichMessages-Prefix.pch"; sourceTree = "<group>"; };
		FD154D2E192391B300D4E2BA /* SMAppDelegate.h */ = {isa = PBXFileReference; lastKnownFileType = sourcecode.c.h; path = SMAppDelegate.h; sourceTree = "<group>"; };
		FD154D2F192391B300D4E2BA /* SMAppDelegate.m */ = {isa = PBXFileReference; lastKnownFileType = sourcecode.c.objc; path = SMAppDelegate.m; sourceTree = "<group>"; };
		FD154D31192391B300D4E2BA /* Images.xcassets */ = {isa = PBXFileReference; lastKnownFileType = folder.assetcatalog; path = Images.xcassets; sourceTree = "<group>"; };
		FD154D37192391B300D4E2BA /* StichMessagesTests.xctest */ = {isa = PBXFileReference; explicitFileType = wrapper.cfbundle; includeInIndex = 0; path = StichMessagesTests.xctest; sourceTree = BUILT_PRODUCTS_DIR; };
		FD154D38192391B300D4E2BA /* XCTest.framework */ = {isa = PBXFileReference; lastKnownFileType = wrapper.framework; name = XCTest.framework; path = Library/Frameworks/XCTest.framework; sourceTree = DEVELOPER_DIR; };
		FD154D40192391B300D4E2BA /* StichMessagesTests-Info.plist */ = {isa = PBXFileReference; lastKnownFileType = text.plist.xml; path = "StichMessagesTests-Info.plist"; sourceTree = "<group>"; };
		FD154D42192391B300D4E2BA /* en */ = {isa = PBXFileReference; lastKnownFileType = text.plist.strings; name = en; path = en.lproj/InfoPlist.strings; sourceTree = "<group>"; };
		FD154D44192391B300D4E2BA /* StichMessagesTests.m */ = {isa = PBXFileReference; lastKnownFileType = sourcecode.c.objc; path = StichMessagesTests.m; sourceTree = "<group>"; };
/* End PBXFileReference section */

/* Begin PBXFrameworksBuildPhase section */
		FD154D19192391B300D4E2BA /* Frameworks */ = {
			isa = PBXFrameworksBuildPhase;
			buildActionMask = 2147483647;
			files = (
				FD154D22192391B300D4E2BA /* CoreGraphics.framework in Frameworks */,
				FD154D24192391B300D4E2BA /* UIKit.framework in Frameworks */,
				FD154D20192391B300D4E2BA /* Foundation.framework in Frameworks */,
			);
			runOnlyForDeploymentPostprocessing = 0;
		};
		FD154D34192391B300D4E2BA /* Frameworks */ = {
			isa = PBXFrameworksBuildPhase;
			buildActionMask = 2147483647;
			files = (
				FD154D39192391B300D4E2BA /* XCTest.framework in Frameworks */,
				FD154D3B192391B300D4E2BA /* UIKit.framework in Frameworks */,
				FD154D3A192391B300D4E2BA /* Foundation.framework in Frameworks */,
			);
			runOnlyForDeploymentPostprocessing = 0;
		};
/* End PBXFrameworksBuildPhase section */

/* Begin PBXGroup section */
		FD154D13192391B300D4E2BA = {
			isa = PBXGroup;
			children = (
				FD154D25192391B300D4E2BA /* StichMessages */,
				FD154D3E192391B300D4E2BA /* StichMessagesTests */,
				FD154D1E192391B300D4E2BA /* Frameworks */,
				FD154D1D192391B300D4E2BA /* Products */,
			);
			sourceTree = "<group>";
		};
		FD154D1D192391B300D4E2BA /* Products */ = {
			isa = PBXGroup;
			children = (
				FD154D1C192391B300D4E2BA /* StichMessages.app */,
				FD154D37192391B300D4E2BA /* StichMessagesTests.xctest */,
			);
			name = Products;
			sourceTree = "<group>";
		};
		FD154D1E192391B300D4E2BA /* Frameworks */ = {
			isa = PBXGroup;
			children = (
				FD154D1F192391B300D4E2BA /* Foundation.framework */,
				FD154D21192391B300D4E2BA /* CoreGraphics.framework */,
				FD154D23192391B300D4E2BA /* UIKit.framework */,
				FD154D38192391B300D4E2BA /* XCTest.framework */,
			);
			name = Frameworks;
			sourceTree = "<group>";
		};
		FD154D25192391B300D4E2BA /* StichMessages */ = {
			isa = PBXGroup;
			children = (
				FD154D2E192391B300D4E2BA /* SMAppDelegate.h */,
				FD154D2F192391B300D4E2BA /* SMAppDelegate.m */,
				FD154D31192391B300D4E2BA /* Images.xcassets */,
				FD154D26192391B300D4E2BA /* Supporting Files */,
			);
			path = StichMessages;
			sourceTree = "<group>";
		};
		FD154D26192391B300D4E2BA /* Supporting Files */ = {
			isa = PBXGroup;
			children = (
				FD154D27192391B300D4E2BA /* StichMessages-Info.plist */,
				FD154D28192391B300D4E2BA /* InfoPlist.strings */,
				FD154D2B192391B300D4E2BA /* main.m */,
				FD154D2D192391B300D4E2BA /* StichMessages-Prefix.pch */,
			);
			name = "Supporting Files";
			sourceTree = "<group>";
		};
		FD154D3E192391B300D4E2BA /* StichMessagesTests */ = {
			isa = PBXGroup;
			children = (
				FD154D44192391B300D4E2BA /* StichMessagesTests.m */,
				FD154D3F192391B300D4E2BA /* Supporting Files */,
			);
			path = StichMessagesTests;
			sourceTree = "<group>";
		};
		FD154D3F192391B300D4E2BA /* Supporting Files */ = {
			isa = PBXGroup;
			children = (
				FD154D40192391B300D4E2BA /* StichMessagesTests-Info.plist */,
				FD154D41192391B300D4E2BA /* InfoPlist.strings */,
			);
			name = "Supporting Files";
			sourceTree = "<group>";
		};
/* End PBXGroup section */

/* Begin PBXNativeTarget section */
		FD154D1B192391B300D4E2BA /* StichMessages */ = {
			isa = PBXNativeTarget;
			buildConfigurationList = FD154D48192391B300D4E2BA /* Build configuration list for PBXNativeTarget "StichMessages" */;
			buildPhases = (
				FD154D18192391B300D4E2BA /* Sources */,
				FD154D19192391B300D4E2BA /* Frameworks */,
				FD154D1A192391B300D4E2BA /* Resources */,
			);
			buildRules = (
			);
			dependencies = (
			);
			name = StichMessages;
			productName = StichMessages;
			productReference = FD154D1C192391B300D4E2BA /* StichMessages.app */;
			productType = "com.apple.product-type.application";
		};
		FD154D36192391B300D4E2BA /* StichMessagesTests */ = {
			isa = PBXNativeTarget;
			buildConfigurationList = FD154D4B192391B300D4E2BA /* Build configuration list for PBXNativeTarget "StichMessagesTests" */;
			buildPhases = (
				FD154D33192391B300D4E2BA /* Sources */,
				FD154D34192391B300D4E2BA /* Frameworks */,
				FD154D35192391B300D4E2BA /* Resources */,
			);
			buildRules = (
			);
			dependencies = (
				FD154D3D192391B300D4E2BA /* PBXTargetDependency */,
			);
			name = StichMessagesTests;
			productName = StichMessagesTests;
			productReference = FD154D37192391B300D4E2BA /* StichMessagesTests.xctest */;
			productType = "com.apple.product-type.bundle.unit-test";
		};
/* End PBXNativeTarget section */

/* Begin PBXProject section */
		FD154D14192391B300D4E2BA /* Project object */ = {
			isa = PBXProject;
			attributes = {
				CLASSPREFIX = SM;
				LastUpgradeCheck = 0510;
				ORGANIZATIONNAME = "Younduk Nam";
				TargetAttributes = {
					FD154D36192391B300D4E2BA = {
						TestTargetID = FD154D1B192391B300D4E2BA;
					};
				};
			};
			buildConfigurationList = FD154D17192391B300D4E2BA /* Build configuration list for PBXProject "StichMessages" */;
			compatibilityVersion = "Xcode 3.2";
			developmentRegion = English;
			hasScannedForEncodings = 0;
			knownRegions = (
				en,
			);
			mainGroup = FD154D13192391B300D4E2BA;
			productRefGroup = FD154D1D192391B300D4E2BA /* Products */;
			projectDirPath = "";
			projectRoot = "";
			targets = (
				FD154D1B192391B300D4E2BA /* StichMessages */,
				FD154D36192391B300D4E2BA /* StichMessagesTests */,
			);
		};
/* End PBXProject section */

/* Begin PBXResourcesBuildPhase section */
		FD154D1A192391B300D4E2BA /* Resources */ = {
			isa = PBXResourcesBuildPhase;
			buildActionMask = 2147483647;
			files = (
				FD154D2A192391B300D4E2BA /* InfoPlist.strings in Resources */,
				FD154D32192391B300D4E2BA /* Images.xcassets in Resources */,
			);
			runOnlyForDeploymentPostprocessing = 0;
		};
		FD154D35192391B300D4E2BA /* Resources */ = {
			isa = PBXResourcesBuildPhase;
			buildActionMask = 2147483647;
			files = (
				FD154D43192391B300D4E2BA /* InfoPlist.strings in Resources */,
			);
			runOnlyForDeploymentPostprocessing = 0;
		};
/* End PBXResourcesBuildPhase section */

/* Begin PBXSourcesBuildPhase section */
		FD154D18192391B300D4E2BA /* Sources */ = {
			isa = PBXSourcesBuildPhase;
			buildActionMask = 2147483647;
			files = (
				FD154D30192391B300D4E2BA /* SMAppDelegate.m in Sources */,
				FD154D2C192391B300D4E2BA /* main.m in Sources */,
			);
			runOnlyForDeploymentPostprocessing = 0;
		};
		FD154D33192391B300D4E2BA /* Sources */ = {
			isa = PBXSourcesBuildPhase;
			buildActionMask = 2147483647;
			files = (
				FD154D45192391B300D4E2BA /* StichMessagesTests.m in Sources */,
			);
			runOnlyForDeploymentPostprocessing = 0;
		};
/* End PBXSourcesBuildPhase section */

/* Begin PBXTargetDependency section */
		FD154D3D192391B300D4E2BA /* PBXTargetDependency */ = {
			isa = PBXTargetDependency;
			target = FD154D1B192391B300D4E2BA /* StichMessages */;
			targetProxy = FD154D3C192391B300D4E2BA /* PBXContainerItemProxy */;
		};
/* End PBXTargetDependency section */

/* Begin PBXVariantGroup section */
		FD154D28192391B300D4E2BA /* InfoPlist.strings */ = {
			isa = PBXVariantGroup;
			children = (
				FD154D29192391B300D4E2BA /* en */,
			);
			name = InfoPlist.strings;
			sourceTree = "<group>";
		};
		FD154D41192391B300D4E2BA /* InfoPlist.strings */ = {
			isa = PBXVariantGroup;
			children = (
				FD154D42192391B300D4E2BA /* en */,
			);
			name = InfoPlist.strings;
			sourceTree = "<group>";
		};
/* End PBXVariantGroup section */

/* Begin XCBuildConfiguration section */
		FD154D46192391B300D4E2BA /* Debug */ = {
			isa = XCBuildConfiguration;
			buildSettings = {
				ALWAYS_SEARCH_USER_PATHS = NO;
				CLANG_CXX_LANGUAGE_STANDARD = "gnu++0x";
				CLANG_CXX_LIBRARY = "libc++";
				CLANG_ENABLE_MODULES = YES;
				CLANG_ENABLE_OBJC_ARC = YES;
				CLANG_WARN_BOOL_CONVERSION = YES;
				CLANG_WARN_CONSTANT_CONVERSION = YES;
				CLANG_WARN_DIRECT_OBJC_ISA_USAGE = YES_ERROR;
				CLANG_WARN_EMPTY_BODY = YES;
				CLANG_WARN_ENUM_CONVERSION = YES;
				CLANG_WARN_INT_CONVERSION = YES;
				CLANG_WARN_OBJC_ROOT_CLASS = YES_ERROR;
				CLANG_WARN__DUPLICATE_METHOD_MATCH = YES;
				"CODE_SIGN_IDENTITY[sdk=iphoneos*]" = "iPhone Developer";
				COPY_PHASE_STRIP = NO;
				GCC_C_LANGUAGE_STANDARD = gnu99;
				GCC_DYNAMIC_NO_PIC = NO;
				GCC_OPTIMIZATION_LEVEL = 0;
				GCC_PREPROCESSOR_DEFINITIONS = (
					"DEBUG=1",
					"$(inherited)",
				);
				GCC_SYMBOLS_PRIVATE_EXTERN = NO;
				GCC_WARN_64_TO_32_BIT_CONVERSION = YES;
				GCC_WARN_ABOUT_RETURN_TYPE = YES_ERROR;
				GCC_WARN_UNDECLARED_SELECTOR = YES;
				GCC_WARN_UNINITIALIZED_AUTOS = YES_AGGRESSIVE;
				GCC_WARN_UNUSED_FUNCTION = YES;
				GCC_WARN_UNUSED_VARIABLE = YES;
				IPHONEOS_DEPLOYMENT_TARGET = 7.1;
				ONLY_ACTIVE_ARCH = YES;
				SDKROOT = iphoneos;
			};
			name = Debug;
		};
		FD154D47192391B300D4E2BA /* Release */ = {
			isa = XCBuildConfiguration;
			buildSettings = {
				ALWAYS_SEARCH_USER_PATHS = NO;
				CLANG_CXX_LANGUAGE_STANDARD = "gnu++0x";
				CLANG_CXX_LIBRARY = "libc++";
				CLANG_ENABLE_MODULES = YES;
				CLANG_ENABLE_OBJC_ARC = YES;
				CLANG_WARN_BOOL_CONVERSION = YES;
				CLANG_WARN_CONSTANT_CONVERSION = YES;
				CLANG_WARN_DIRECT_OBJC_ISA_USAGE = YES_ERROR;
				CLANG_WARN_EMPTY_BODY = YES;
				CLANG_WARN_ENUM_CONVERSION = YES;
				CLANG_WARN_INT_CONVERSION = YES;
				CLANG_WARN_OBJC_ROOT_CLASS = YES_ERROR;
				CLANG_WARN__DUPLICATE_METHOD_MATCH = YES;
				"CODE_SIGN_IDENTITY[sdk=iphoneos*]" = "iPhone Developer";
				COPY_PHASE_STRIP = YES;
				ENABLE_NS_ASSERTIONS = NO;
				GCC_C_LANGUAGE_STANDARD = gnu99;
				GCC_WARN_64_TO_32_BIT_CONVERSION = YES;
				GCC_WARN_ABOUT_RETURN_TYPE = YES_ERROR;
				GCC_WARN_UNDECLARED_SELECTOR = YES;
				GCC_WARN_UNINITIALIZED_AUTOS = YES_AGGRESSIVE;
				GCC_WARN_UNUSED_FUNCTION = YES;
				GCC_WARN_UNUSED_VARIABLE = YES;
				IPHONEOS_DEPLOYMENT_TARGET = 7.1;
				SDKROOT = iphoneos;
				VALIDATE_PRODUCT = YES;
			};
			name = Release;
		};
		FD154D49192391B300D4E2BA /* Debug */ = {
			isa = XCBuildConfiguration;
			buildSettings = {
				ASSETCATALOG_COMPILER_APPICON_NAME = AppIcon;
				ASSETCATALOG_COMPILER_LAUNCHIMAGE_NAME = LaunchImage;
				GCC_PRECOMPILE_PREFIX_HEADER = YES;
				GCC_PREFIX_HEADER = "StichMessages/StichMessages-Prefix.pch";
				INFOPLIST_FILE = "StichMessages/StichMessages-Info.plist";
				PRODUCT_NAME = "$(TARGET_NAME)";
				WRAPPER_EXTENSION = app;
			};
			name = Debug;
		};
		FD154D4A192391B300D4E2BA /* Release */ = {
			isa = XCBuildConfiguration;
			buildSettings = {
				ASSETCATALOG_COMPILER_APPICON_NAME = AppIcon;
				ASSETCATALOG_COMPILER_LAUNCHIMAGE_NAME = LaunchImage;
				GCC_PRECOMPILE_PREFIX_HEADER = YES;
				GCC_PREFIX_HEADER = "StichMessages/StichMessages-Prefix.pch";
				INFOPLIST_FILE = "StichMessages/StichMessages-Info.plist";
				PRODUCT_NAME = "$(TARGET_NAME)";
				WRAPPER_EXTENSION = app;
			};
			name = Release;
		};
		FD154D4C192391B300D4E2BA /* Debug */ = {
			isa = XCBuildConfiguration;
			buildSettings = {
				BUNDLE_LOADER = "$(BUILT_PRODUCTS_DIR)/StichMessages.app/StichMessages";
				FRAMEWORK_SEARCH_PATHS = (
					"$(SDKROOT)/Developer/Library/Frameworks",
					"$(inherited)",
					"$(DEVELOPER_FRAMEWORKS_DIR)",
				);
				GCC_PRECOMPILE_PREFIX_HEADER = YES;
				GCC_PREFIX_HEADER = "StichMessages/StichMessages-Prefix.pch";
				GCC_PREPROCESSOR_DEFINITIONS = (
					"DEBUG=1",
					"$(inherited)",
				);
				INFOPLIST_FILE = "StichMessagesTests/StichMessagesTests-Info.plist";
				PRODUCT_NAME = "$(TARGET_NAME)";
				TEST_HOST = "$(BUNDLE_LOADER)";
				WRAPPER_EXTENSION = xctest;
			};
			name = Debug;
		};
		FD154D4D192391B300D4E2BA /* Release */ = {
			isa = XCBuildConfiguration;
			buildSettings = {
				BUNDLE_LOADER = "$(BUILT_PRODUCTS_DIR)/StichMessages.app/StichMessages";
				FRAMEWORK_SEARCH_PATHS = (
					"$(SDKROOT)/Developer/Library/Frameworks",
					"$(inherited)",
					"$(DEVELOPER_FRAMEWORKS_DIR)",
				);
				GCC_PRECOMPILE_PREFIX_HEADER = YES;
				GCC_PREFIX_HEADER = "StichMessages/StichMessages-Prefix.pch";
				INFOPLIST_FILE = "StichMessagesTests/StichMessagesTests-Info.plist";
				PRODUCT_NAME = "$(TARGET_NAME)";
				TEST_HOST = "$(BUNDLE_LOADER)";
				WRAPPER_EXTENSION = xctest;
			};
			name = Release;
		};
/* End XCBuildConfiguration section */

/* Begin XCConfigurationList section */
		FD154D17192391B300D4E2BA /* Build configuration list for PBXProject "StichMessages" */ = {
			isa = XCConfigurationList;
			buildConfigurations = (
				FD154D46192391B300D4E2BA /* Debug */,
				FD154D47192391B300D4E2BA /* Release */,
			);
			defaultConfigurationIsVisible = 0;
			defaultConfigurationName = Release;
		};
		FD154D48192391B300D4E2BA /* Build configuration list for PBXNativeTarget "StichMessages" */ = {
			isa = XCConfigurationList;
			buildConfigurations = (
				FD154D49192391B300D4E2BA /* Debug */,
				FD154D4A192391B300D4E2BA /* Release */,
			);
			defaultConfigurationIsVisible = 0;
		};
		FD154D4B192391B300D4E2BA /* Build configuration list for PBXNativeTarget "StichMessagesTests" */ = {
			isa = XCConfigurationList;
			buildConfigurations = (
				FD154D4C192391B300D4E2BA /* Debug */,
				FD154D4D192391B300D4E2BA /* Release */,
			);
			defaultConfigurationIsVisible = 0;
		};
/* End XCConfigurationList section */
	};
	rootObject = FD154D14192391B300D4E2BA /* Project object */;
}
